
Microsoft Visual Studio Solution File, Format Version 12.00
# Visual Studio Version 17
VisualStudioVersion = 17.3.32922.545
MinimumVisualStudioVersion = 10.0.40219.1
Project("{FAE04EC0-301F-11D3-BF4B-00C04F79EFBC}") = "ApiTestProject", "ApiTestProject\ApiTestProject.csproj", "{F03229A5-CB52-433F-9DC5-F6A0D8BF7A44}"
EndProject
Global
	GlobalSection(SolutionConfigurationPlatforms) = preSolution
		Debug|Any CPU = Debug|Any CPU
		Release|Any CPU = Release|Any CPU
	EndGlobalSection
	GlobalSection(ProjectConfigurationPlatforms) = postSolution
		{F03229A5-CB52-433F-9DC5-F6A0D8BF7A44}.Debug|Any CPU.ActiveCfg = Debug|Any CPU
		{F03229A5-CB52-433F-9DC5-F6A0D8BF7A44}.Debug|Any CPU.Build.0 = Debug|Any CPU
		{F03229A5-CB52-433F-9DC5-F6A0D8BF7A44}.Release|Any CPU.ActiveCfg = Release|Any CPU
		{F03229A5-CB52-433F-9DC5-F6A0D8BF7A44}.Release|Any CPU.Build.0 = Release|Any CPU
	EndGlobalSection
	GlobalSection(SolutionProperties) = preSolution
		HideSolutionNode = FALSE
	EndGlobalSection
	GlobalSection(ExtensibilityGlobals) = postSolution
		SolutionGuid = {05C6A8AE-D486-447D-9859-F18A259DFA4C}
	EndGlobalSection
EndGlobal
